// !$*UTF8*$!
{
	archiveVersion = 1;
	classes = {
	};
	objectVersion = 55;
	objects = {

/* Begin PBXBuildFile section */
		441F46FA28722E090089A719 /* PersistenceManager.swift in Sources */ = {isa = PBXBuildFile; fileRef = 441F46F928722E090089A719 /* PersistenceManager.swift */; };
		441F46FC28722E620089A719 /* Task.swift in Sources */ = {isa = PBXBuildFile; fileRef = 441F46FB28722E620089A719 /* Task.swift */; };
		441F46FF287231860089A719 /* CoreDataTask.xcdatamodeld in Sources */ = {isa = PBXBuildFile; fileRef = 441F46FD287231860089A719 /* CoreDataTask.xcdatamodeld */; };
		447CA7852868D6DC003CAFF7 /* AppDelegate.swift in Sources */ = {isa = PBXBuildFile; fileRef = 447CA7842868D6DC003CAFF7 /* AppDelegate.swift */; };
		447CA7892868D6DC003CAFF7 /* AddTaskViewController.swift in Sources */ = {isa = PBXBuildFile; fileRef = 447CA7882868D6DC003CAFF7 /* AddTaskViewController.swift */; };
		447CA78C2868D6DC003CAFF7 /* Main.storyboard in Resources */ = {isa = PBXBuildFile; fileRef = 447CA78A2868D6DC003CAFF7 /* Main.storyboard */; };
		447CA78E2868D6DF003CAFF7 /* Assets.xcassets in Resources */ = {isa = PBXBuildFile; fileRef = 447CA78D2868D6DF003CAFF7 /* Assets.xcassets */; };
		447CA7912868D6DF003CAFF7 /* LaunchScreen.storyboard in Resources */ = {isa = PBXBuildFile; fileRef = 447CA78F2868D6DF003CAFF7 /* LaunchScreen.storyboard */; };
		44863FC928EB8014007E0C10 /* TaskListViewController.swift in Sources */ = {isa = PBXBuildFile; fileRef = 44863FC828EB8014007E0C10 /* TaskListViewController.swift */; };
		44863FCB28F07628007E0C10 /* TaskListViewModel.swift in Sources */ = {isa = PBXBuildFile; fileRef = 44863FCA28F07627007E0C10 /* TaskListViewModel.swift */; };
		44863FCD28F07631007E0C10 /* TaskListDataSource.swift in Sources */ = {isa = PBXBuildFile; fileRef = 44863FCC28F07631007E0C10 /* TaskListDataSource.swift */; };
		44863FD028F077BB007E0C10 /* TaskCell.swift in Sources */ = {isa = PBXBuildFile; fileRef = 44863FCF28F077BB007E0C10 /* TaskCell.swift */; };
		44863FD228F078A5007E0C10 /* TimeFormatter.swift in Sources */ = {isa = PBXBuildFile; fileRef = 44863FD128F078A5007E0C10 /* TimeFormatter.swift */; };
		44B2B6542917A814008C7BFE /* EditTaskViewController.swift in Sources */ = {isa = PBXBuildFile; fileRef = 44B2B6532917A814008C7BFE /* EditTaskViewController.swift */; };
		44B2B6562917A81C008C7BFE /* EditTaskViewModel.swift in Sources */ = {isa = PBXBuildFile; fileRef = 44B2B6552917A81C008C7BFE /* EditTaskViewModel.swift */; };
		44BFACB228C529AF00A1A6F2 /* AppCoordinator.swift in Sources */ = {isa = PBXBuildFile; fileRef = 44BFACB128C529AF00A1A6F2 /* AppCoordinator.swift */; };
		44CB2B29291A95B0004571C3 /* ServiceProvider .swift in Sources */ = {isa = PBXBuildFile; fileRef = 44CB2B28291A95B0004571C3 /* ServiceProvider .swift */; };
		44CB2B2B291A9892004571C3 /* BaseViewModel.swift in Sources */ = {isa = PBXBuildFile; fileRef = 44CB2B2A291A9892004571C3 /* BaseViewModel.swift */; };
		44EBD4DA28CC72230021562F /* Storyboardable.swift in Sources */ = {isa = PBXBuildFile; fileRef = 44EBD4D928CC72230021562F /* Storyboardable.swift */; };
		44EBD4DC28CC77100021562F /* AddTaskViewModel.swift in Sources */ = {isa = PBXBuildFile; fileRef = 44EBD4DB28CC77100021562F /* AddTaskViewModel.swift */; };
/* End PBXBuildFile section */

/* Begin PBXContainerItemProxy section */
		44EBD4E728CC791C0021562F /* PBXContainerItemProxy */ = {
			isa = PBXContainerItemProxy;
			containerPortal = 447CA7792868D6DC003CAFF7 /* Project object */;
			proxyType = 1;
			remoteGlobalIDString = 447CA7802868D6DC003CAFF7;
			remoteInfo = TaskManager;
		};
/* End PBXContainerItemProxy section */

/* Begin PBXFileReference section */
		441F46F928722E090089A719 /* PersistenceManager.swift */ = {isa = PBXFileReference; lastKnownFileType = sourcecode.swift; path = PersistenceManager.swift; sourceTree = "<group>"; };
		441F46FB28722E620089A719 /* Task.swift */ = {isa = PBXFileReference; lastKnownFileType = sourcecode.swift; path = Task.swift; sourceTree = "<group>"; };
		441F46FE287231860089A719 /* Task.xcdatamodel */ = {isa = PBXFileReference; lastKnownFileType = wrapper.xcdatamodel; path = Task.xcdatamodel; sourceTree = "<group>"; };
		447CA7812868D6DC003CAFF7 /* TaskManager.app */ = {isa = PBXFileReference; explicitFileType = wrapper.application; includeInIndex = 0; path = TaskManager.app; sourceTree = BUILT_PRODUCTS_DIR; };
		447CA7842868D6DC003CAFF7 /* AppDelegate.swift */ = {isa = PBXFileReference; lastKnownFileType = sourcecode.swift; path = AppDelegate.swift; sourceTree = "<group>"; };
		447CA7882868D6DC003CAFF7 /* AddTaskViewController.swift */ = {isa = PBXFileReference; lastKnownFileType = sourcecode.swift; path = AddTaskViewController.swift; sourceTree = "<group>"; };
		447CA78B2868D6DC003CAFF7 /* Base */ = {isa = PBXFileReference; lastKnownFileType = file.storyboard; name = Base; path = Base.lproj/Main.storyboard; sourceTree = "<group>"; };
		447CA78D2868D6DF003CAFF7 /* Assets.xcassets */ = {isa = PBXFileReference; lastKnownFileType = folder.assetcatalog; path = Assets.xcassets; sourceTree = "<group>"; };
		447CA7902868D6DF003CAFF7 /* Base */ = {isa = PBXFileReference; lastKnownFileType = file.storyboard; name = Base; path = Base.lproj/LaunchScreen.storyboard; sourceTree = "<group>"; };
		447CA7922868D6DF003CAFF7 /* Info.plist */ = {isa = PBXFileReference; lastKnownFileType = text.plist.xml; path = Info.plist; sourceTree = "<group>"; };
		44863FC828EB8014007E0C10 /* TaskListViewController.swift */ = {isa = PBXFileReference; lastKnownFileType = sourcecode.swift; path = TaskListViewController.swift; sourceTree = "<group>"; };
		44863FCA28F07627007E0C10 /* TaskListViewModel.swift */ = {isa = PBXFileReference; lastKnownFileType = sourcecode.swift; path = TaskListViewModel.swift; sourceTree = "<group>"; };
		44863FCC28F07631007E0C10 /* TaskListDataSource.swift */ = {isa = PBXFileReference; lastKnownFileType = sourcecode.swift; path = TaskListDataSource.swift; sourceTree = "<group>"; };
		44863FCF28F077BB007E0C10 /* TaskCell.swift */ = {isa = PBXFileReference; lastKnownFileType = sourcecode.swift; path = TaskCell.swift; sourceTree = "<group>"; };
		44863FD128F078A5007E0C10 /* TimeFormatter.swift */ = {isa = PBXFileReference; lastKnownFileType = sourcecode.swift; path = TimeFormatter.swift; sourceTree = "<group>"; };
		44B2B6532917A814008C7BFE /* EditTaskViewController.swift */ = {isa = PBXFileReference; lastKnownFileType = sourcecode.swift; path = EditTaskViewController.swift; sourceTree = "<group>"; };
		44B2B6552917A81C008C7BFE /* EditTaskViewModel.swift */ = {isa = PBXFileReference; lastKnownFileType = sourcecode.swift; path = EditTaskViewModel.swift; sourceTree = "<group>"; };
		44BFACB128C529AF00A1A6F2 /* AppCoordinator.swift */ = {isa = PBXFileReference; lastKnownFileType = sourcecode.swift; path = AppCoordinator.swift; sourceTree = "<group>"; };
		44CB2B28291A95B0004571C3 /* ServiceProvider .swift */ = {isa = PBXFileReference; lastKnownFileType = sourcecode.swift; path = "ServiceProvider .swift"; sourceTree = "<group>"; };
		44CB2B2A291A9892004571C3 /* BaseViewModel.swift */ = {isa = PBXFileReference; lastKnownFileType = sourcecode.swift; path = BaseViewModel.swift; sourceTree = "<group>"; };
		44EBD4D928CC72230021562F /* Storyboardable.swift */ = {isa = PBXFileReference; lastKnownFileType = sourcecode.swift; path = Storyboardable.swift; sourceTree = "<group>"; };
		44EBD4DB28CC77100021562F /* AddTaskViewModel.swift */ = {isa = PBXFileReference; lastKnownFileType = sourcecode.swift; path = AddTaskViewModel.swift; sourceTree = "<group>"; };
		44EBD4E328CC791C0021562F /* TaskManagerTests.xctest */ = {isa = PBXFileReference; explicitFileType = wrapper.cfbundle; includeInIndex = 0; path = TaskManagerTests.xctest; sourceTree = BUILT_PRODUCTS_DIR; };
/* End PBXFileReference section */

/* Begin PBXFrameworksBuildPhase section */
		447CA77E2868D6DC003CAFF7 /* Frameworks */ = {
			isa = PBXFrameworksBuildPhase;
			buildActionMask = 2147483647;
			files = (
			);
			runOnlyForDeploymentPostprocessing = 0;
		};
		44EBD4E028CC791C0021562F /* Frameworks */ = {
			isa = PBXFrameworksBuildPhase;
			buildActionMask = 2147483647;
			files = (
			);
			runOnlyForDeploymentPostprocessing = 0;
		};
/* End PBXFrameworksBuildPhase section */

/* Begin PBXGroup section */
		441F46F728722D8F0089A719 /* Supporting files */ = {
			isa = PBXGroup;
			children = (
				447CA7842868D6DC003CAFF7 /* AppDelegate.swift */,
				447CA78A2868D6DC003CAFF7 /* Main.storyboard */,
				447CA78D2868D6DF003CAFF7 /* Assets.xcassets */,
				44BD35F7291A9BA600FCEE88 /* ServiceProvider */,
				44EBD4DE28CC77400021562F /* Persistence */,
				44BD35F8291A9BDA00FCEE88 /* ViewModelSupport */,
				447CA78F2868D6DF003CAFF7 /* LaunchScreen.storyboard */,
				44BD35F6291A9B8B00FCEE88 /* Navigation */,
				44EBD4DD28CC772F0021562F /* Supporting protocols */,
			);
			path = "Supporting files";
			sourceTree = "<group>";
		};
		441F46F828722DB60089A719 /* Add Task */ = {
			isa = PBXGroup;
			children = (
				447CA7882868D6DC003CAFF7 /* AddTaskViewController.swift */,
				44EBD4DB28CC77100021562F /* AddTaskViewModel.swift */,
			);
			path = "Add Task";
			sourceTree = "<group>";
		};
		447CA7782868D6DC003CAFF7 = {
			isa = PBXGroup;
			children = (
				447CA7832868D6DC003CAFF7 /* TaskManager */,
				447CA7822868D6DC003CAFF7 /* Products */,
			);
			sourceTree = "<group>";
		};
		447CA7822868D6DC003CAFF7 /* Products */ = {
			isa = PBXGroup;
			children = (
				447CA7812868D6DC003CAFF7 /* TaskManager.app */,
				44EBD4E328CC791C0021562F /* TaskManagerTests.xctest */,
			);
			name = Products;
			sourceTree = "<group>";
		};
		447CA7832868D6DC003CAFF7 /* TaskManager */ = {
			isa = PBXGroup;
			children = (
				447CA7922868D6DF003CAFF7 /* Info.plist */,
				441F46F728722D8F0089A719 /* Supporting files */,
				44B2B6522917A7D1008C7BFE /* Scenes */,
			);
			path = TaskManager;
			sourceTree = "<group>";
		};
		44863FCE28F07638007E0C10 /* Task List */ = {
			isa = PBXGroup;
			children = (
				44863FC828EB8014007E0C10 /* TaskListViewController.swift */,
				44863FCA28F07627007E0C10 /* TaskListViewModel.swift */,
				44863FCC28F07631007E0C10 /* TaskListDataSource.swift */,
				44863FCF28F077BB007E0C10 /* TaskCell.swift */,
			);
			path = "Task List";
			sourceTree = "<group>";
		};
		44B2B6522917A7D1008C7BFE /* Scenes */ = {
			isa = PBXGroup;
			children = (
				441F46F828722DB60089A719 /* Add Task */,
				44863FCE28F07638007E0C10 /* Task List */,
				44B2B6572917A820008C7BFE /* Edit Task */,
			);
			path = Scenes;
			sourceTree = "<group>";
		};
		44B2B6572917A820008C7BFE /* Edit Task */ = {
			isa = PBXGroup;
			children = (
				44B2B6532917A814008C7BFE /* EditTaskViewController.swift */,
				44B2B6552917A81C008C7BFE /* EditTaskViewModel.swift */,
			);
			path = "Edit Task";
			sourceTree = "<group>";
		};
		44BD35F6291A9B8B00FCEE88 /* Navigation */ = {
			isa = PBXGroup;
			children = (
				44BFACB128C529AF00A1A6F2 /* AppCoordinator.swift */,
			);
			path = Navigation;
			sourceTree = "<group>";
		};
		44BD35F7291A9BA600FCEE88 /* ServiceProvider */ = {
			isa = PBXGroup;
			children = (
				44CB2B28291A95B0004571C3 /* ServiceProvider .swift */,
			);
			path = ServiceProvider;
			sourceTree = "<group>";
		};
		44BD35F8291A9BDA00FCEE88 /* ViewModelSupport */ = {
			isa = PBXGroup;
			children = (
				44CB2B2A291A9892004571C3 /* BaseViewModel.swift */,
			);
			path = ViewModelSupport;
			sourceTree = "<group>";
		};
		44EBD4DD28CC772F0021562F /* Supporting protocols */ = {
			isa = PBXGroup;
			children = (
				44EBD4D928CC72230021562F /* Storyboardable.swift */,
				44863FD128F078A5007E0C10 /* TimeFormatter.swift */,
			);
			path = "Supporting protocols";
			sourceTree = "<group>";
		};
		44EBD4DE28CC77400021562F /* Persistence */ = {
			isa = PBXGroup;
			children = (
				441F46F928722E090089A719 /* PersistenceManager.swift */,
				441F46FB28722E620089A719 /* Task.swift */,
				441F46FD287231860089A719 /* CoreDataTask.xcdatamodeld */,
			);
			path = Persistence;
			sourceTree = "<group>";
		};
/* End PBXGroup section */

/* Begin PBXNativeTarget section */
		447CA7802868D6DC003CAFF7 /* TaskManager */ = {
			isa = PBXNativeTarget;
			buildConfigurationList = 447CA7952868D6DF003CAFF7 /* Build configuration list for PBXNativeTarget "TaskManager" */;
			buildPhases = (
				447CA77D2868D6DC003CAFF7 /* Sources */,
				447CA77E2868D6DC003CAFF7 /* Frameworks */,
				447CA77F2868D6DC003CAFF7 /* Resources */,
			);
			buildRules = (
			);
			dependencies = (
			);
			name = TaskManager;
			productName = TaskManager;
			productReference = 447CA7812868D6DC003CAFF7 /* TaskManager.app */;
			productType = "com.apple.product-type.application";
		};
		44EBD4E228CC791C0021562F /* TaskManagerTests */ = {
			isa = PBXNativeTarget;
			buildConfigurationList = 44EBD4E928CC791C0021562F /* Build configuration list for PBXNativeTarget "TaskManagerTests" */;
			buildPhases = (
				44EBD4DF28CC791C0021562F /* Sources */,
				44EBD4E028CC791C0021562F /* Frameworks */,
				44EBD4E128CC791C0021562F /* Resources */,
			);
			buildRules = (
			);
			dependencies = (
				44EBD4E828CC791C0021562F /* PBXTargetDependency */,
			);
			name = TaskManagerTests;
			productName = TaskManagerTests;
			productReference = 44EBD4E328CC791C0021562F /* TaskManagerTests.xctest */;
			productType = "com.apple.product-type.bundle.unit-test";
		};
/* End PBXNativeTarget section */

/* Begin PBXProject section */
		447CA7792868D6DC003CAFF7 /* Project object */ = {
			isa = PBXProject;
			attributes = {
				BuildIndependentTargetsInParallel = 1;
				LastSwiftUpdateCheck = 1340;
				LastUpgradeCheck = 1320;
				TargetAttributes = {
					447CA7802868D6DC003CAFF7 = {
						CreatedOnToolsVersion = 13.2.1;
					};
					44EBD4E228CC791C0021562F = {
						CreatedOnToolsVersion = 13.4.1;
						TestTargetID = 447CA7802868D6DC003CAFF7;
					};
				};
			};
			buildConfigurationList = 447CA77C2868D6DC003CAFF7 /* Build configuration list for PBXProject "TaskManager" */;
			compatibilityVersion = "Xcode 13.0";
			developmentRegion = en;
			hasScannedForEncodings = 0;
			knownRegions = (
				en,
				Base,
			);
			mainGroup = 447CA7782868D6DC003CAFF7;
			productRefGroup = 447CA7822868D6DC003CAFF7 /* Products */;
			projectDirPath = "";
			projectRoot = "";
			targets = (
				447CA7802868D6DC003CAFF7 /* TaskManager */,
				44EBD4E228CC791C0021562F /* TaskManagerTests */,
			);
		};
/* End PBXProject section */

/* Begin PBXResourcesBuildPhase section */
		447CA77F2868D6DC003CAFF7 /* Resources */ = {
			isa = PBXResourcesBuildPhase;
			buildActionMask = 2147483647;
			files = (
				447CA7912868D6DF003CAFF7 /* LaunchScreen.storyboard in Resources */,
				447CA78E2868D6DF003CAFF7 /* Assets.xcassets in Resources */,
				447CA78C2868D6DC003CAFF7 /* Main.storyboard in Resources */,
			);
			runOnlyForDeploymentPostprocessing = 0;
		};
		44EBD4E128CC791C0021562F /* Resources */ = {
			isa = PBXResourcesBuildPhase;
			buildActionMask = 2147483647;
			files = (
			);
			runOnlyForDeploymentPostprocessing = 0;
		};
/* End PBXResourcesBuildPhase section */

/* Begin PBXSourcesBuildPhase section */
		447CA77D2868D6DC003CAFF7 /* Sources */ = {
			isa = PBXSourcesBuildPhase;
			buildActionMask = 2147483647;
			files = (
				44BFACB228C529AF00A1A6F2 /* AppCoordinator.swift in Sources */,
				44B2B6562917A81C008C7BFE /* EditTaskViewModel.swift in Sources */,
				44CB2B2B291A9892004571C3 /* BaseViewModel.swift in Sources */,
				441F46FC28722E620089A719 /* Task.swift in Sources */,
				44EBD4DA28CC72230021562F /* Storyboardable.swift in Sources */,
				447CA7892868D6DC003CAFF7 /* AddTaskViewController.swift in Sources */,
				44863FD028F077BB007E0C10 /* TaskCell.swift in Sources */,
				44B2B6542917A814008C7BFE /* EditTaskViewController.swift in Sources */,
				441F46FA28722E090089A719 /* PersistenceManager.swift in Sources */,
				44863FC928EB8014007E0C10 /* TaskListViewController.swift in Sources */,
				44863FD228F078A5007E0C10 /* TimeFormatter.swift in Sources */,
				44EBD4DC28CC77100021562F /* AddTaskViewModel.swift in Sources */,
				44863FCB28F07628007E0C10 /* TaskListViewModel.swift in Sources */,
				441F46FF287231860089A719 /* CoreDataTask.xcdatamodeld in Sources */,
				44CB2B29291A95B0004571C3 /* ServiceProvider .swift in Sources */,
				447CA7852868D6DC003CAFF7 /* AppDelegate.swift in Sources */,
				44863FCD28F07631007E0C10 /* TaskListDataSource.swift in Sources */,
			);
			runOnlyForDeploymentPostprocessing = 0;
		};
		44EBD4DF28CC791C0021562F /* Sources */ = {
			isa = PBXSourcesBuildPhase;
			buildActionMask = 2147483647;
			files = (
			);
			runOnlyForDeploymentPostprocessing = 0;
		};
/* End PBXSourcesBuildPhase section */

/* Begin PBXTargetDependency section */
		44EBD4E828CC791C0021562F /* PBXTargetDependency */ = {
			isa = PBXTargetDependency;
			target = 447CA7802868D6DC003CAFF7 /* TaskManager */;
			targetProxy = 44EBD4E728CC791C0021562F /* PBXContainerItemProxy */;
		};
/* End PBXTargetDependency section */

/* Begin PBXVariantGroup section */
		447CA78A2868D6DC003CAFF7 /* Main.storyboard */ = {
			isa = PBXVariantGroup;
			children = (
				447CA78B2868D6DC003CAFF7 /* Base */,
			);
			name = Main.storyboard;
			sourceTree = "<group>";
		};
		447CA78F2868D6DF003CAFF7 /* LaunchScreen.storyboard */ = {
			isa = PBXVariantGroup;
			children = (
				447CA7902868D6DF003CAFF7 /* Base */,
			);
			name = LaunchScreen.storyboard;
			sourceTree = "<group>";
		};
/* End PBXVariantGroup section */

/* Begin XCBuildConfiguration section */
		447CA7932868D6DF003CAFF7 /* Debug */ = {
			isa = XCBuildConfiguration;
			buildSettings = {
				ALWAYS_SEARCH_USER_PATHS = NO;
				CLANG_ANALYZER_NONNULL = YES;
				CLANG_ANALYZER_NUMBER_OBJECT_CONVERSION = YES_AGGRESSIVE;
				CLANG_CXX_LANGUAGE_STANDARD = "gnu++17";
				CLANG_CXX_LIBRARY = "libc++";
				CLANG_ENABLE_MODULES = YES;
				CLANG_ENABLE_OBJC_ARC = YES;
				CLANG_ENABLE_OBJC_WEAK = YES;
				CLANG_WARN_BLOCK_CAPTURE_AUTORELEASING = YES;
				CLANG_WARN_BOOL_CONVERSION = YES;
				CLANG_WARN_COMMA = YES;
				CLANG_WARN_CONSTANT_CONVERSION = YES;
				CLANG_WARN_DEPRECATED_OBJC_IMPLEMENTATIONS = YES;
				CLANG_WARN_DIRECT_OBJC_ISA_USAGE = YES_ERROR;
				CLANG_WARN_DOCUMENTATION_COMMENTS = YES;
				CLANG_WARN_EMPTY_BODY = YES;
				CLANG_WARN_ENUM_CONVERSION = YES;
				CLANG_WARN_INFINITE_RECURSION = YES;
				CLANG_WARN_INT_CONVERSION = YES;
				CLANG_WARN_NON_LITERAL_NULL_CONVERSION = YES;
				CLANG_WARN_OBJC_IMPLICIT_RETAIN_SELF = YES;
				CLANG_WARN_OBJC_LITERAL_CONVERSION = YES;
				CLANG_WARN_OBJC_ROOT_CLASS = YES_ERROR;
				CLANG_WARN_QUOTED_INCLUDE_IN_FRAMEWORK_HEADER = YES;
				CLANG_WARN_RANGE_LOOP_ANALYSIS = YES;
				CLANG_WARN_STRICT_PROTOTYPES = YES;
				CLANG_WARN_SUSPICIOUS_MOVE = YES;
				CLANG_WARN_UNGUARDED_AVAILABILITY = YES_AGGRESSIVE;
				CLANG_WARN_UNREACHABLE_CODE = YES;
				CLANG_WARN__DUPLICATE_METHOD_MATCH = YES;
				COPY_PHASE_STRIP = NO;
				DEBUG_INFORMATION_FORMAT = dwarf;
				ENABLE_STRICT_OBJC_MSGSEND = YES;
				ENABLE_TESTABILITY = YES;
				GCC_C_LANGUAGE_STANDARD = gnu11;
				GCC_DYNAMIC_NO_PIC = NO;
				GCC_NO_COMMON_BLOCKS = YES;
				GCC_OPTIMIZATION_LEVEL = 0;
				GCC_PREPROCESSOR_DEFINITIONS = (
					"DEBUG=1",
					"$(inherited)",
				);
				GCC_WARN_64_TO_32_BIT_CONVERSION = YES;
				GCC_WARN_ABOUT_RETURN_TYPE = YES_ERROR;
				GCC_WARN_UNDECLARED_SELECTOR = YES;
				GCC_WARN_UNINITIALIZED_AUTOS = YES_AGGRESSIVE;
				GCC_WARN_UNUSED_FUNCTION = YES;
				GCC_WARN_UNUSED_VARIABLE = YES;
				IPHONEOS_DEPLOYMENT_TARGET = 15.2;
				MTL_ENABLE_DEBUG_INFO = INCLUDE_SOURCE;
				MTL_FAST_MATH = YES;
				ONLY_ACTIVE_ARCH = YES;
				SDKROOT = iphoneos;
				SWIFT_ACTIVE_COMPILATION_CONDITIONS = DEBUG;
				SWIFT_OPTIMIZATION_LEVEL = "-Onone";
			};
			name = Debug;
		};
		447CA7942868D6DF003CAFF7 /* Release */ = {
			isa = XCBuildConfiguration;
			buildSettings = {
				ALWAYS_SEARCH_USER_PATHS = NO;
				CLANG_ANALYZER_NONNULL = YES;
				CLANG_ANALYZER_NUMBER_OBJECT_CONVERSION = YES_AGGRESSIVE;
				CLANG_CXX_LANGUAGE_STANDARD = "gnu++17";
				CLANG_CXX_LIBRARY = "libc++";
				CLANG_ENABLE_MODULES = YES;
				CLANG_ENABLE_OBJC_ARC = YES;
				CLANG_ENABLE_OBJC_WEAK = YES;
				CLANG_WARN_BLOCK_CAPTURE_AUTORELEASING = YES;
				CLANG_WARN_BOOL_CONVERSION = YES;
				CLANG_WARN_COMMA = YES;
				CLANG_WARN_CONSTANT_CONVERSION = YES;
				CLANG_WARN_DEPRECATED_OBJC_IMPLEMENTATIONS = YES;
				CLANG_WARN_DIRECT_OBJC_ISA_USAGE = YES_ERROR;
				CLANG_WARN_DOCUMENTATION_COMMENTS = YES;
				CLANG_WARN_EMPTY_BODY = YES;
				CLANG_WARN_ENUM_CONVERSION = YES;
				CLANG_WARN_INFINITE_RECURSION = YES;
				CLANG_WARN_INT_CONVERSION = YES;
				CLANG_WARN_NON_LITERAL_NULL_CONVERSION = YES;
				CLANG_WARN_OBJC_IMPLICIT_RETAIN_SELF = YES;
				CLANG_WARN_OBJC_LITERAL_CONVERSION = YES;
				CLANG_WARN_OBJC_ROOT_CLASS = YES_ERROR;
				CLANG_WARN_QUOTED_INCLUDE_IN_FRAMEWORK_HEADER = YES;
				CLANG_WARN_RANGE_LOOP_ANALYSIS = YES;
				CLANG_WARN_STRICT_PROTOTYPES = YES;
				CLANG_WARN_SUSPICIOUS_MOVE = YES;
				CLANG_WARN_UNGUARDED_AVAILABILITY = YES_AGGRESSIVE;
				CLANG_WARN_UNREACHABLE_CODE = YES;
				CLANG_WARN__DUPLICATE_METHOD_MATCH = YES;
				COPY_PHASE_STRIP = NO;
				DEBUG_INFORMATION_FORMAT = "dwarf-with-dsym";
				ENABLE_NS_ASSERTIONS = NO;
				ENABLE_STRICT_OBJC_MSGSEND = YES;
				GCC_C_LANGUAGE_STANDARD = gnu11;
				GCC_NO_COMMON_BLOCKS = YES;
				GCC_WARN_64_TO_32_BIT_CONVERSION = YES;
				GCC_WARN_ABOUT_RETURN_TYPE = YES_ERROR;
				GCC_WARN_UNDECLARED_SELECTOR = YES;
				GCC_WARN_UNINITIALIZED_AUTOS = YES_AGGRESSIVE;
				GCC_WARN_UNUSED_FUNCTION = YES;
				GCC_WARN_UNUSED_VARIABLE = YES;
				IPHONEOS_DEPLOYMENT_TARGET = 15.2;
				MTL_ENABLE_DEBUG_INFO = NO;
				MTL_FAST_MATH = YES;
				SDKROOT = iphoneos;
				SWIFT_COMPILATION_MODE = wholemodule;
				SWIFT_OPTIMIZATION_LEVEL = "-O";
				VALIDATE_PRODUCT = YES;
			};
			name = Release;
		};
		447CA7962868D6DF003CAFF7 /* Debug */ = {
			isa = XCBuildConfiguration;
			buildSettings = {
				ASSETCATALOG_COMPILER_APPICON_NAME = AppIcon;
				ASSETCATALOG_COMPILER_GLOBAL_ACCENT_COLOR_NAME = AccentColor;
				CODE_SIGN_STYLE = Automatic;
				CURRENT_PROJECT_VERSION = 1;
				DEVELOPMENT_TEAM = G2PF9X2QL8;
				GENERATE_INFOPLIST_FILE = YES;
				INFOPLIST_FILE = TaskManager/Info.plist;
				INFOPLIST_KEY_UIApplicationSupportsIndirectInputEvents = YES;
				INFOPLIST_KEY_UILaunchStoryboardName = LaunchScreen;
				INFOPLIST_KEY_UIMainStoryboardFile = Main;
				INFOPLIST_KEY_UISupportedInterfaceOrientations_iPad = "UIInterfaceOrientationPortrait UIInterfaceOrientationPortraitUpsideDown UIInterfaceOrientationLandscapeLeft UIInterfaceOrientationLandscapeRight";
				INFOPLIST_KEY_UISupportedInterfaceOrientations_iPhone = "UIInterfaceOrientationPortrait UIInterfaceOrientationLandscapeLeft UIInterfaceOrientationLandscapeRight";
				LD_RUNPATH_SEARCH_PATHS = (
					"$(inherited)",
					"@executable_path/Frameworks",
				);
				MARKETING_VERSION = 1.0;
				PRODUCT_BUNDLE_IDENTIFIER = readdle.test.TaskManager;
				PRODUCT_NAME = "$(TARGET_NAME)";
				SWIFT_EMIT_LOC_STRINGS = YES;
				SWIFT_VERSION = 5.0;
				TARGETED_DEVICE_FAMILY = 1;
			};
			name = Debug;
		};
		447CA7972868D6DF003CAFF7 /* Release */ = {
			isa = XCBuildConfiguration;
			buildSettings = {
				ASSETCATALOG_COMPILER_APPICON_NAME = AppIcon;
				ASSETCATALOG_COMPILER_GLOBAL_ACCENT_COLOR_NAME = AccentColor;
				CODE_SIGN_STYLE = Automatic;
				CURRENT_PROJECT_VERSION = 1;
				DEVELOPMENT_TEAM = G2PF9X2QL8;
				GENERATE_INFOPLIST_FILE = YES;
				INFOPLIST_FILE = TaskManager/Info.plist;
				INFOPLIST_KEY_UIApplicationSupportsIndirectInputEvents = YES;
				INFOPLIST_KEY_UILaunchStoryboardName = LaunchScreen;
				INFOPLIST_KEY_UIMainStoryboardFile = Main;
				INFOPLIST_KEY_UISupportedInterfaceOrientations_iPad = "UIInterfaceOrientationPortrait UIInterfaceOrientationPortraitUpsideDown UIInterfaceOrientationLandscapeLeft UIInterfaceOrientationLandscapeRight";
				INFOPLIST_KEY_UISupportedInterfaceOrientations_iPhone = "UIInterfaceOrientationPortrait UIInterfaceOrientationLandscapeLeft UIInterfaceOrientationLandscapeRight";
				LD_RUNPATH_SEARCH_PATHS = (
					"$(inherited)",
					"@executable_path/Frameworks",
				);
				MARKETING_VERSION = 1.0;
				PRODUCT_BUNDLE_IDENTIFIER = readdle.test.TaskManager;
				PRODUCT_NAME = "$(TARGET_NAME)";
				SWIFT_EMIT_LOC_STRINGS = YES;
				SWIFT_VERSION = 5.0;
				TARGETED_DEVICE_FAMILY = 1;
			};
			name = Release;
		};
		44EBD4EA28CC791C0021562F /* Debug */ = {
			isa = XCBuildConfiguration;
			buildSettings = {
				BUNDLE_LOADER = "$(TEST_HOST)";
				CODE_SIGN_STYLE = Automatic;
				CURRENT_PROJECT_VERSION = 1;
				DEVELOPMENT_TEAM = G2PF9X2QL8;
				GENERATE_INFOPLIST_FILE = YES;
				IPHONEOS_DEPLOYMENT_TARGET = 15.5;
				MARKETING_VERSION = 1.0;
				PRODUCT_BUNDLE_IDENTIFIER = readdle.test.TaskManagerTests;
				PRODUCT_NAME = "$(TARGET_NAME)";
				SWIFT_EMIT_LOC_STRINGS = NO;
				SWIFT_VERSION = 5.0;
				TARGETED_DEVICE_FAMILY = "1,2";
				TEST_HOST = "$(BUILT_PRODUCTS_DIR)/TaskManager.app/TaskManager";
			};
			name = Debug;
		};
		44EBD4EB28CC791C0021562F /* Release */ = {
			isa = XCBuildConfiguration;
			buildSettings = {
				BUNDLE_LOADER = "$(TEST_HOST)";
				CODE_SIGN_STYLE = Automatic;
				CURRENT_PROJECT_VERSION = 1;
				DEVELOPMENT_TEAM = G2PF9X2QL8;
				GENERATE_INFOPLIST_FILE = YES;
				IPHONEOS_DEPLOYMENT_TARGET = 15.5;
				MARKETING_VERSION = 1.0;
				PRODUCT_BUNDLE_IDENTIFIER = readdle.test.TaskManagerTests;
				PRODUCT_NAME = "$(TARGET_NAME)";
				SWIFT_EMIT_LOC_STRINGS = NO;
				SWIFT_VERSION = 5.0;
				TARGETED_DEVICE_FAMILY = "1,2";
				TEST_HOST = "$(BUILT_PRODUCTS_DIR)/TaskManager.app/TaskManager";
			};
			name = Release;
		};
/* End XCBuildConfiguration section */

/* Begin XCConfigurationList section */
		447CA77C2868D6DC003CAFF7 /* Build configuration list for PBXProject "TaskManager" */ = {
			isa = XCConfigurationList;
			buildConfigurations = (
				447CA7932868D6DF003CAFF7 /* Debug */,
				447CA7942868D6DF003CAFF7 /* Release */,
			);
			defaultConfigurationIsVisible = 0;
			defaultConfigurationName = Release;
		};
		447CA7952868D6DF003CAFF7 /* Build configuration list for PBXNativeTarget "TaskManager" */ = {
			isa = XCConfigurationList;
			buildConfigurations = (
				447CA7962868D6DF003CAFF7 /* Debug */,
				447CA7972868D6DF003CAFF7 /* Release */,
			);
			defaultConfigurationIsVisible = 0;
			defaultConfigurationName = Release;
		};
		44EBD4E928CC791C0021562F /* Build configuration list for PBXNativeTarget "TaskManagerTests" */ = {
			isa = XCConfigurationList;
			buildConfigurations = (
				44EBD4EA28CC791C0021562F /* Debug */,
				44EBD4EB28CC791C0021562F /* Release */,
			);
			defaultConfigurationIsVisible = 0;
			defaultConfigurationName = Release;
		};
/* End XCConfigurationList section */

/* Begin XCVersionGroup section */
		441F46FD287231860089A719 /* CoreDataTask.xcdatamodeld */ = {
			isa = XCVersionGroup;
			children = (
				441F46FE287231860089A719 /* Task.xcdatamodel */,
			);
			currentVersion = 441F46FE287231860089A719 /* Task.xcdatamodel */;
			path = CoreDataTask.xcdatamodeld;
			sourceTree = "<group>";
			versionGroupType = wrapper.xcdatamodel;
		};
/* End XCVersionGroup section */
	};
	rootObject = 447CA7792868D6DC003CAFF7 /* Project object */;
}
